# THIS IS AN AUTOGENERATED FILE. DO NOT EDIT THIS FILE DIRECTLY.
# yarn lockfile v1


react-zoom-pan-pinch@^3.7.0:
  version "3.7.0"
  resolved "https://registry.yarnpkg.com/react-zoom-pan-pinch/-/react-zoom-pan-pinch-3.7.0.tgz#7db4d2ec49c316eb20f71c56e9012eeb3ef4b504"
  integrity sha512-UmReVZ0TxlKzxSbYiAj+LeGRW8s8LraAFTXRAxzMYnNRgGPsxCudwZKVkjvGmjtx7SW/hZamt69NUmGf4xrkXA==
